{
  "name": "03",
  "lockfileVersion": 3,
  "requires": true,
  "packages": {
    "": {
      "dependencies": {
        "tau-prolog": "^0.3.4"
      }
    },
    "node_modules/readline-sync": {
      "version": "1.4.9",
      "resolved": "https://registry.npmjs.org/readline-sync/-/readline-sync-1.4.9.tgz",
      "integrity": "sha512-mp5h1N39kuKbCRGebLPIKTBOhuDw55GaNg5S+K9TW9uDAS1wIHpGUc2YokdUMZJb8GqS49sWmWEDijaESYh0Hg==",
      "engines": {
        "node": ">= 0.8.0"
      }
    },
    "node_modules/tau-prolog": {
      "version": "0.3.4",
      "resolved": "https://registry.npmjs.org/tau-prolog/-/tau-prolog-0.3.4.tgz",
      "integrity": "sha512-CEEa6C3IRPGN5GuXptBjLWOrF2x7aE06CP/p54oXJciBBfokkPom30uRNhKgbBAz1+AeuM1KtK2JMa0R3u+pRA==",
      "dependencies": {
        "readline-sync": "1.4.9"
      }
    }
  }
}
